hash: d12af2de70408ee7570aec71e756b819f8234ef90d91b153b5b97cf39e556f24
updated: 2019-03-27T09:50:53.454262277+07:00
imports:
- name: github.com/labstack/echo
  version: 6d9e043284aea2d07f5fcaf0d3a424eb7d9f6109
- name: gopkg.in/mgo.v2
  version: 9856a29383ce1c59f308dd1cf0363a79b5bef6b5
  subpackages:
  - bson
  - internal/json
  - internal/sasl
  - internal/scram
testImports: []
